
Microsoft Visual Studio Solution File, Format Version 12.00
# Visual Studio Version 16
VisualStudioVersion = 16.0.32106.194
MinimumVisualStudioVersion = 10.0.40219.1
Project("{FAE04EC0-301F-11D3-BF4B-00C04F79EFBC}") = "EF_Project", "EF_Project\EF_Project.csproj", "{372E64FC-7E0D-4189-BA1A-E76AA6029362}"
EndProject
Global
	GlobalSection(SolutionConfigurationPlatforms) = preSolution
		Debug|Any CPU = Debug|Any CPU
		Release|Any CPU = Release|Any CPU
	EndGlobalSection
	GlobalSection(ProjectConfigurationPlatforms) = postSolution
		{372E64FC-7E0D-4189-BA1A-E76AA6029362}.Debug|Any CPU.ActiveCfg = Debug|Any CPU
		{372E64FC-7E0D-4189-BA1A-E76AA6029362}.Debug|Any CPU.Build.0 = Debug|Any CPU
		{372E64FC-7E0D-4189-BA1A-E76AA6029362}.Release|Any CPU.ActiveCfg = Release|Any CPU
		{372E64FC-7E0D-4189-BA1A-E76AA6029362}.Release|Any CPU.Build.0 = Release|Any CPU
	EndGlobalSection
	GlobalSection(SolutionProperties) = preSolution
		HideSolutionNode = FALSE
	EndGlobalSection
	GlobalSection(ExtensibilityGlobals) = postSolution
		SolutionGuid = {10FCDD5B-8B45-4D3D-BB92-7CB50FBC5C5E}
	EndGlobalSection
EndGlobal
